github.com/ziutek/ftdi v0.0.0-20200603141500-eeb855b6c05f h1:K0ZM4qqlCCa8Kwkx3zMPRcaR440NhQqWbKqokNKDbVU=
github.com/ziutek/ftdi v0.0.0-20200603141500-eeb855b6c05f/go.mod h1:fUzQhjslJJSlwoMW5Cd+0RUc8KuMDfsuZB+wfJAz1eg=
github.com/ziutek/lcd v0.0.0-20141212131202-924f223d0903/go.mod h1:ZBCPhfHIcCtzsrXIcyEiSPDKHrjT9fXtJNKj2t1HCKw=
